PODS:
  - Alamofire (4.4.0)
  - Charts (3.0.2):
    - Charts/Core (= 3.0.2)
  - Charts/Core (3.0.2)
  - Google-Mobile-Ads-SDK (7.21.0)

DEPENDENCIES:
  - Alamofire (~> 4.4)
  - Charts
  - Google-Mobile-Ads-SDK

SPEC CHECKSUMS:
  Alamofire: dc44b1600b800eb63da6a19039a0083d62a6a62d
  Charts: 236d6ccdd0ce6feae151d89e829a7397381a21fd
  Google-Mobile-Ads-SDK: 4a6f1b43c8cc0e1e95a3b59d9f52a01671c6f9f3

PODFILE CHECKSUM: 9f11ec83538ad0443d2b92b58ff982b482b50bd2

COCOAPODS: 1.2.0
