// !$*UTF8*$!
{
	archiveVersion = 1;
	classes = {
	};
	objectVersion = 46;
	objects = {

/* Begin PBXBuildFile section */
		8C13BF151EBB34B400C078A8 /* SignPainter.otf in Resources */ = {isa = PBXBuildFile; fileRef = 8C13BF141EBB34B400C078A8 /* SignPainter.otf */; };
		8C13BF171EBB784C00C078A8 /* SettingsVC.swift in Sources */ = {isa = PBXBuildFile; fileRef = 8C13BF161EBB784C00C078A8 /* SettingsVC.swift */; };
		8C13BF1A1EBCA81E00C078A8 /* CityWeatherVC.swift in Sources */ = {isa = PBXBuildFile; fileRef = 8C13BF191EBCA81E00C078A8 /* CityWeatherVC.swift */; };
		8C13BF1C1EBCACBF00C078A8 /* SlideInPresentationManager.swift in Sources */ = {isa = PBXBuildFile; fileRef = 8C13BF1B1EBCACBF00C078A8 /* SlideInPresentationManager.swift */; };
		8C13BF1F1EBCB14100C078A8 /* SlideInPresentationController.swift in Sources */ = {isa = PBXBuildFile; fileRef = 8C13BF1E1EBCB14100C078A8 /* SlideInPresentationController.swift */; };
		8C271D3D1ED308B300803A36 /* FavouritesVC.swift in Sources */ = {isa = PBXBuildFile; fileRef = 8C271D3C1ED308B300803A36 /* FavouritesVC.swift */; };
		8C271D3F1ED30B1B00803A36 /* FavouritesCell.swift in Sources */ = {isa = PBXBuildFile; fileRef = 8C271D3E1ED30B1B00803A36 /* FavouritesCell.swift */; };
		8C271D411ED30C5B00803A36 /* Favourites.swift in Sources */ = {isa = PBXBuildFile; fileRef = 8C271D401ED30C5B00803A36 /* Favourites.swift */; };
		8C321B901EC1A2D9009B9EB4 /* LongRangeForecast.swift in Sources */ = {isa = PBXBuildFile; fileRef = 8C321B8F1EC1A2D9009B9EB4 /* LongRangeForecast.swift */; };
		8C321B921EC1AB98009B9EB4 /* HourlyForecast.swift in Sources */ = {isa = PBXBuildFile; fileRef = 8C321B911EC1AB98009B9EB4 /* HourlyForecast.swift */; };
		8C45E7141EBA2437006E6B91 /* AppDelegate.swift in Sources */ = {isa = PBXBuildFile; fileRef = 8C45E7131EBA2437006E6B91 /* AppDelegate.swift */; };
		8C45E7161EBA2437006E6B91 /* WeatherMapVC.swift in Sources */ = {isa = PBXBuildFile; fileRef = 8C45E7151EBA2437006E6B91 /* WeatherMapVC.swift */; };
		8C45E7191EBA2437006E6B91 /* Main.storyboard in Resources */ = {isa = PBXBuildFile; fileRef = 8C45E7171EBA2437006E6B91 /* Main.storyboard */; };
		8C45E71B1EBA2437006E6B91 /* Assets.xcassets in Resources */ = {isa = PBXBuildFile; fileRef = 8C45E71A1EBA2437006E6B91 /* Assets.xcassets */; };
		8C45E71E1EBA2437006E6B91 /* LaunchScreen.storyboard in Resources */ = {isa = PBXBuildFile; fileRef = 8C45E71C1EBA2437006E6B91 /* LaunchScreen.storyboard */; };
		8C9372EA1EC4496A00BFDBD9 /* Location.swift in Sources */ = {isa = PBXBuildFile; fileRef = 8C9372E91EC4496A00BFDBD9 /* Location.swift */; };
		8C9372EE1EC4D05400BFDBD9 /* MapAnnotation.swift in Sources */ = {isa = PBXBuildFile; fileRef = 8C9372ED1EC4D05400BFDBD9 /* MapAnnotation.swift */; };
		8C9372F01EC5A5D500BFDBD9 /* ZoomLevel.swift in Sources */ = {isa = PBXBuildFile; fileRef = 8C9372EF1EC5A5D500BFDBD9 /* ZoomLevel.swift */; };
		8C9372F21EC5EFEE00BFDBD9 /* SegueData.swift in Sources */ = {isa = PBXBuildFile; fileRef = 8C9372F11EC5EFEE00BFDBD9 /* SegueData.swift */; };
		8CA74A8D1EC063610082568D /* CurrentWeather.swift in Sources */ = {isa = PBXBuildFile; fileRef = 8CA74A8C1EC063610082568D /* CurrentWeather.swift */; };
		8CA74A8F1EC06D8E0082568D /* Constants.swift in Sources */ = {isa = PBXBuildFile; fileRef = 8CA74A8E1EC06D8E0082568D /* Constants.swift */; };
		8CE494DD1EBDD36A00A26749 /* TopBtmBorderView.swift in Sources */ = {isa = PBXBuildFile; fileRef = 8CE494DC1EBDD36A00A26749 /* TopBtmBorderView.swift */; };
		8CE494DF1EBDDE1900A26749 /* BtmBorderView.swift in Sources */ = {isa = PBXBuildFile; fileRef = 8CE494DE1EBDDE1900A26749 /* BtmBorderView.swift */; };
		8CE494E11EBF18F500A26749 /* LongRangeForecastCell.swift in Sources */ = {isa = PBXBuildFile; fileRef = 8CE494E01EBF18F500A26749 /* LongRangeForecastCell.swift */; };
		8CE494E31EBF191900A26749 /* HourlyForecastCell.swift in Sources */ = {isa = PBXBuildFile; fileRef = 8CE494E21EBF191800A26749 /* HourlyForecastCell.swift */; };
		C2D234D509832788655B8F2C /* Pods_WeatherMap.framework in Frameworks */ = {isa = PBXBuildFile; fileRef = B2C5573AD9645414914B03C0 /* Pods_WeatherMap.framework */; };
/* End PBXBuildFile section */

/* Begin PBXFileReference section */
		581CA612DBF31EBF95328E38 /* Pods-WeatherMap.debug.xcconfig */ = {isa = PBXFileReference; includeInIndex = 1; lastKnownFileType = text.xcconfig; name = "Pods-WeatherMap.debug.xcconfig"; path = "Pods/Target Support Files/Pods-WeatherMap/Pods-WeatherMap.debug.xcconfig"; sourceTree = "<group>"; };
		8C13BF141EBB34B400C078A8 /* SignPainter.otf */ = {isa = PBXFileReference; lastKnownFileType = file; path = SignPainter.otf; sourceTree = "<group>"; };
		8C13BF161EBB784C00C078A8 /* SettingsVC.swift */ = {isa = PBXFileReference; fileEncoding = 4; lastKnownFileType = sourcecode.swift; path = SettingsVC.swift; sourceTree = "<group>"; };
		8C13BF191EBCA81E00C078A8 /* CityWeatherVC.swift */ = {isa = PBXFileReference; fileEncoding = 4; lastKnownFileType = sourcecode.swift; path = CityWeatherVC.swift; sourceTree = "<group>"; };
		8C13BF1B1EBCACBF00C078A8 /* SlideInPresentationManager.swift */ = {isa = PBXFileReference; fileEncoding = 4; lastKnownFileType = sourcecode.swift; path = SlideInPresentationManager.swift; sourceTree = "<group>"; };
		8C13BF1E1EBCB14100C078A8 /* SlideInPresentationController.swift */ = {isa = PBXFileReference; fileEncoding = 4; lastKnownFileType = sourcecode.swift; path = SlideInPresentationController.swift; sourceTree = "<group>"; };
		8C271D3C1ED308B300803A36 /* FavouritesVC.swift */ = {isa = PBXFileReference; fileEncoding = 4; lastKnownFileType = sourcecode.swift; path = FavouritesVC.swift; sourceTree = "<group>"; };
		8C271D3E1ED30B1B00803A36 /* FavouritesCell.swift */ = {isa = PBXFileReference; fileEncoding = 4; lastKnownFileType = sourcecode.swift; path = FavouritesCell.swift; sourceTree = "<group>"; };
		8C271D401ED30C5B00803A36 /* Favourites.swift */ = {isa = PBXFileReference; fileEncoding = 4; lastKnownFileType = sourcecode.swift; path = Favourites.swift; sourceTree = "<group>"; };
		8C321B8F1EC1A2D9009B9EB4 /* LongRangeForecast.swift */ = {isa = PBXFileReference; fileEncoding = 4; lastKnownFileType = sourcecode.swift; path = LongRangeForecast.swift; sourceTree = "<group>"; };
		8C321B911EC1AB98009B9EB4 /* HourlyForecast.swift */ = {isa = PBXFileReference; fileEncoding = 4; lastKnownFileType = sourcecode.swift; path = HourlyForecast.swift; sourceTree = "<group>"; };
		8C45E7101EBA2437006E6B91 /* WeatherMap.app */ = {isa = PBXFileReference; explicitFileType = wrapper.application; includeInIndex = 0; path = WeatherMap.app; sourceTree = BUILT_PRODUCTS_DIR; };
		8C45E7131EBA2437006E6B91 /* AppDelegate.swift */ = {isa = PBXFileReference; lastKnownFileType = sourcecode.swift; path = AppDelegate.swift; sourceTree = "<group>"; };
		8C45E7151EBA2437006E6B91 /* WeatherMapVC.swift */ = {isa = PBXFileReference; lastKnownFileType = sourcecode.swift; path = WeatherMapVC.swift; sourceTree = "<group>"; };
		8C45E7181EBA2437006E6B91 /* Base */ = {isa = PBXFileReference; lastKnownFileType = file.storyboard; name = Base; path = Base.lproj/Main.storyboard; sourceTree = "<group>"; };
		8C45E71A1EBA2437006E6B91 /* Assets.xcassets */ = {isa = PBXFileReference; lastKnownFileType = folder.assetcatalog; path = Assets.xcassets; sourceTree = "<group>"; };
		8C45E71D1EBA2437006E6B91 /* Base */ = {isa = PBXFileReference; lastKnownFileType = file.storyboard; name = Base; path = Base.lproj/LaunchScreen.storyboard; sourceTree = "<group>"; };
		8C45E71F1EBA2437006E6B91 /* Info.plist */ = {isa = PBXFileReference; lastKnownFileType = text.plist.xml; path = Info.plist; sourceTree = "<group>"; };
		8C9372E91EC4496A00BFDBD9 /* Location.swift */ = {isa = PBXFileReference; fileEncoding = 4; lastKnownFileType = sourcecode.swift; path = Location.swift; sourceTree = "<group>"; };
		8C9372ED1EC4D05400BFDBD9 /* MapAnnotation.swift */ = {isa = PBXFileReference; fileEncoding = 4; lastKnownFileType = sourcecode.swift; path = MapAnnotation.swift; sourceTree = "<group>"; };
		8C9372EF1EC5A5D500BFDBD9 /* ZoomLevel.swift */ = {isa = PBXFileReference; fileEncoding = 4; lastKnownFileType = sourcecode.swift; path = ZoomLevel.swift; sourceTree = "<group>"; };
		8C9372F11EC5EFEE00BFDBD9 /* SegueData.swift */ = {isa = PBXFileReference; fileEncoding = 4; lastKnownFileType = sourcecode.swift; path = SegueData.swift; sourceTree = "<group>"; };
		8CA74A8C1EC063610082568D /* CurrentWeather.swift */ = {isa = PBXFileReference; fileEncoding = 4; lastKnownFileType = sourcecode.swift; path = CurrentWeather.swift; sourceTree = "<group>"; };
		8CA74A8E1EC06D8E0082568D /* Constants.swift */ = {isa = PBXFileReference; fileEncoding = 4; lastKnownFileType = sourcecode.swift; path = Constants.swift; sourceTree = "<group>"; };
		8CE494DC1EBDD36A00A26749 /* TopBtmBorderView.swift */ = {isa = PBXFileReference; fileEncoding = 4; lastKnownFileType = sourcecode.swift; path = TopBtmBorderView.swift; sourceTree = "<group>"; };
		8CE494DE1EBDDE1900A26749 /* BtmBorderView.swift */ = {isa = PBXFileReference; fileEncoding = 4; lastKnownFileType = sourcecode.swift; path = BtmBorderView.swift; sourceTree = "<group>"; };
		8CE494E01EBF18F500A26749 /* LongRangeForecastCell.swift */ = {isa = PBXFileReference; fileEncoding = 4; lastKnownFileType = sourcecode.swift; path = LongRangeForecastCell.swift; sourceTree = "<group>"; };
		8CE494E21EBF191800A26749 /* HourlyForecastCell.swift */ = {isa = PBXFileReference; fileEncoding = 4; lastKnownFileType = sourcecode.swift; path = HourlyForecastCell.swift; sourceTree = "<group>"; };
		B2C5573AD9645414914B03C0 /* Pods_WeatherMap.framework */ = {isa = PBXFileReference; explicitFileType = wrapper.framework; includeInIndex = 0; path = Pods_WeatherMap.framework; sourceTree = BUILT_PRODUCTS_DIR; };
		D445367F0401A27631B8CFFA /* Pods-WeatherMap.release.xcconfig */ = {isa = PBXFileReference; includeInIndex = 1; lastKnownFileType = text.xcconfig; name = "Pods-WeatherMap.release.xcconfig"; path = "Pods/Target Support Files/Pods-WeatherMap/Pods-WeatherMap.release.xcconfig"; sourceTree = "<group>"; };
/* End PBXFileReference section */

/* Begin PBXFrameworksBuildPhase section */
		8C45E70D1EBA2437006E6B91 /* Frameworks */ = {
			isa = PBXFrameworksBuildPhase;
			buildActionMask = 2147483647;
			files = (
				C2D234D509832788655B8F2C /* Pods_WeatherMap.framework in Frameworks */,
			);
			runOnlyForDeploymentPostprocessing = 0;
		};
/* End PBXFrameworksBuildPhase section */

/* Begin PBXGroup section */
		8C13BF0B1EBA2F1C00C078A8 /* Controller */ = {
			isa = PBXGroup;
			children = (
				8C45E7151EBA2437006E6B91 /* WeatherMapVC.swift */,
				8C13BF191EBCA81E00C078A8 /* CityWeatherVC.swift */,
				8C13BF161EBB784C00C078A8 /* SettingsVC.swift */,
				8C271D3C1ED308B300803A36 /* FavouritesVC.swift */,
			);
			name = Controller;
			sourceTree = "<group>";
		};
		8C13BF0C1EBA2F2700C078A8 /* View */ = {
			isa = PBXGroup;
			children = (
				8CE494DC1EBDD36A00A26749 /* TopBtmBorderView.swift */,
				8CE494DE1EBDDE1900A26749 /* BtmBorderView.swift */,
				8CE494E01EBF18F500A26749 /* LongRangeForecastCell.swift */,
				8CE494E21EBF191800A26749 /* HourlyForecastCell.swift */,
				8C271D3E1ED30B1B00803A36 /* FavouritesCell.swift */,
			);
			name = View;
			sourceTree = "<group>";
		};
		8C13BF0D1EBA2F2E00C078A8 /* Model */ = {
			isa = PBXGroup;
			children = (
				8CA74A8C1EC063610082568D /* CurrentWeather.swift */,
				8C321B8F1EC1A2D9009B9EB4 /* LongRangeForecast.swift */,
				8C321B911EC1AB98009B9EB4 /* HourlyForecast.swift */,
				8C9372ED1EC4D05400BFDBD9 /* MapAnnotation.swift */,
				8C9372F11EC5EFEE00BFDBD9 /* SegueData.swift */,
				8CA74A8E1EC06D8E0082568D /* Constants.swift */,
				8C9372E91EC4496A00BFDBD9 /* Location.swift */,
				8C9372EF1EC5A5D500BFDBD9 /* ZoomLevel.swift */,
				8C271D401ED30C5B00803A36 /* Favourites.swift */,
			);
			name = Model;
			sourceTree = "<group>";
		};
		8C13BF181EBB7AB000C078A8 /* Resources */ = {
			isa = PBXGroup;
			children = (
				8C13BF141EBB34B400C078A8 /* SignPainter.otf */,
			);
			name = Resources;
			sourceTree = "<group>";
		};
		8C13BF1D1EBCB11300C078A8 /* Presentation */ = {
			isa = PBXGroup;
			children = (
				8C13BF1B1EBCACBF00C078A8 /* SlideInPresentationManager.swift */,
				8C13BF1E1EBCB14100C078A8 /* SlideInPresentationController.swift */,
			);
			name = Presentation;
			sourceTree = "<group>";
		};
		8C45E7071EBA2437006E6B91 = {
			isa = PBXGroup;
			children = (
				8C45E7121EBA2437006E6B91 /* WeatherMap */,
				8C45E7111EBA2437006E6B91 /* Products */,
				B90658C1FDB69A39A6781855 /* Pods */,
				D68622911EFD2CF008F76F4D /* Frameworks */,
			);
			sourceTree = "<group>";
		};
		8C45E7111EBA2437006E6B91 /* Products */ = {
			isa = PBXGroup;
			children = (
				8C45E7101EBA2437006E6B91 /* WeatherMap.app */,
			);
			name = Products;
			sourceTree = "<group>";
		};
		8C45E7121EBA2437006E6B91 /* WeatherMap */ = {
			isa = PBXGroup;
			children = (
				8C13BF1D1EBCB11300C078A8 /* Presentation */,
				8C13BF181EBB7AB000C078A8 /* Resources */,
				8C13BF0D1EBA2F2E00C078A8 /* Model */,
				8C13BF0C1EBA2F2700C078A8 /* View */,
				8C13BF0B1EBA2F1C00C078A8 /* Controller */,
				8C45E7131EBA2437006E6B91 /* AppDelegate.swift */,
				8C45E7171EBA2437006E6B91 /* Main.storyboard */,
				8C45E71A1EBA2437006E6B91 /* Assets.xcassets */,
				8C45E71C1EBA2437006E6B91 /* LaunchScreen.storyboard */,
				8C45E71F1EBA2437006E6B91 /* Info.plist */,
			);
			path = WeatherMap;
			sourceTree = "<group>";
		};
		B90658C1FDB69A39A6781855 /* Pods */ = {
			isa = PBXGroup;
			children = (
				581CA612DBF31EBF95328E38 /* Pods-WeatherMap.debug.xcconfig */,
				D445367F0401A27631B8CFFA /* Pods-WeatherMap.release.xcconfig */,
			);
			name = Pods;
			sourceTree = "<group>";
		};
		D68622911EFD2CF008F76F4D /* Frameworks */ = {
			isa = PBXGroup;
			children = (
				B2C5573AD9645414914B03C0 /* Pods_WeatherMap.framework */,
			);
			name = Frameworks;
			sourceTree = "<group>";
		};
/* End PBXGroup section */

/* Begin PBXNativeTarget section */
		8C45E70F1EBA2437006E6B91 /* WeatherMap */ = {
			isa = PBXNativeTarget;
			buildConfigurationList = 8C45E7221EBA2437006E6B91 /* Build configuration list for PBXNativeTarget "WeatherMap" */;
			buildPhases = (
				B06D6D012288BC07A3814E44 /* [CP] Check Pods Manifest.lock */,
				8C45E70C1EBA2437006E6B91 /* Sources */,
				8C45E70D1EBA2437006E6B91 /* Frameworks */,
				8C45E70E1EBA2437006E6B91 /* Resources */,
				042200B2678B5B30D99B3623 /* [CP] Embed Pods Frameworks */,
				F0BA65C921305871F08569A9 /* [CP] Copy Pods Resources */,
			);
			buildRules = (
			);
			dependencies = (
			);
			name = WeatherMap;
			productName = WeatherMap;
			productReference = 8C45E7101EBA2437006E6B91 /* WeatherMap.app */;
			productType = "com.apple.product-type.application";
		};
/* End PBXNativeTarget section */

/* Begin PBXProject section */
		8C45E7081EBA2437006E6B91 /* Project object */ = {
			isa = PBXProject;
			attributes = {
				LastSwiftUpdateCheck = 0820;
				LastUpgradeCheck = 0820;
				ORGANIZATIONNAME = "Trevor Lyons";
				TargetAttributes = {
					8C45E70F1EBA2437006E6B91 = {
						CreatedOnToolsVersion = 8.2.1;
						DevelopmentTeam = WZZ5MUDVKJ;
						ProvisioningStyle = Automatic;
					};
				};
			};
			buildConfigurationList = 8C45E70B1EBA2437006E6B91 /* Build configuration list for PBXProject "WeatherMap" */;
			compatibilityVersion = "Xcode 3.2";
			developmentRegion = English;
			hasScannedForEncodings = 0;
			knownRegions = (
				en,
				Base,
			);
			mainGroup = 8C45E7071EBA2437006E6B91;
			productRefGroup = 8C45E7111EBA2437006E6B91 /* Products */;
			projectDirPath = "";
			projectRoot = "";
			targets = (
				8C45E70F1EBA2437006E6B91 /* WeatherMap */,
			);
		};
/* End PBXProject section */

/* Begin PBXResourcesBuildPhase section */
		8C45E70E1EBA2437006E6B91 /* Resources */ = {
			isa = PBXResourcesBuildPhase;
			buildActionMask = 2147483647;
			files = (
				8C45E71E1EBA2437006E6B91 /* LaunchScreen.storyboard in Resources */,
				8C45E71B1EBA2437006E6B91 /* Assets.xcassets in Resources */,
				8C13BF151EBB34B400C078A8 /* SignPainter.otf in Resources */,
				8C45E7191EBA2437006E6B91 /* Main.storyboard in Resources */,
			);
			runOnlyForDeploymentPostprocessing = 0;
		};
/* End PBXResourcesBuildPhase section */

/* Begin PBXShellScriptBuildPhase section */
		042200B2678B5B30D99B3623 /* [CP] Embed Pods Frameworks */ = {
			isa = PBXShellScriptBuildPhase;
			buildActionMask = 2147483647;
			files = (
			);
			inputPaths = (
			);
			name = "[CP] Embed Pods Frameworks";
			outputPaths = (
			);
			runOnlyForDeploymentPostprocessing = 0;
			shellPath = /bin/sh;
			shellScript = "\"${SRCROOT}/Pods/Target Support Files/Pods-WeatherMap/Pods-WeatherMap-frameworks.sh\"\n";
			showEnvVarsInLog = 0;
		};
		B06D6D012288BC07A3814E44 /* [CP] Check Pods Manifest.lock */ = {
			isa = PBXShellScriptBuildPhase;
			buildActionMask = 2147483647;
			files = (
			);
			inputPaths = (
			);
			name = "[CP] Check Pods Manifest.lock";
			outputPaths = (
			);
			runOnlyForDeploymentPostprocessing = 0;
			shellPath = /bin/sh;
			shellScript = "diff \"${PODS_ROOT}/../Podfile.lock\" \"${PODS_ROOT}/Manifest.lock\" > /dev/null\nif [ $? != 0 ] ; then\n    # print error to STDERR\n    echo \"error: The sandbox is not in sync with the Podfile.lock. Run 'pod install' or update your CocoaPods installation.\" >&2\n    exit 1\nfi\n";
			showEnvVarsInLog = 0;
		};
		F0BA65C921305871F08569A9 /* [CP] Copy Pods Resources */ = {
			isa = PBXShellScriptBuildPhase;
			buildActionMask = 2147483647;
			files = (
			);
			inputPaths = (
			);
			name = "[CP] Copy Pods Resources";
			outputPaths = (
			);
			runOnlyForDeploymentPostprocessing = 0;
			shellPath = /bin/sh;
			shellScript = "\"${SRCROOT}/Pods/Target Support Files/Pods-WeatherMap/Pods-WeatherMap-resources.sh\"\n";
			showEnvVarsInLog = 0;
		};
/* End PBXShellScriptBuildPhase section */

/* Begin PBXSourcesBuildPhase section */
		8C45E70C1EBA2437006E6B91 /* Sources */ = {
			isa = PBXSourcesBuildPhase;
			buildActionMask = 2147483647;
			files = (
				8C13BF1C1EBCACBF00C078A8 /* SlideInPresentationManager.swift in Sources */,
				8C271D411ED30C5B00803A36 /* Favourites.swift in Sources */,
				8CA74A8D1EC063610082568D /* CurrentWeather.swift in Sources */,
				8CE494E31EBF191900A26749 /* HourlyForecastCell.swift in Sources */,
				8C9372F01EC5A5D500BFDBD9 /* ZoomLevel.swift in Sources */,
				8C13BF1A1EBCA81E00C078A8 /* CityWeatherVC.swift in Sources */,
				8CE494DF1EBDDE1900A26749 /* BtmBorderView.swift in Sources */,
				8C45E7161EBA2437006E6B91 /* WeatherMapVC.swift in Sources */,
				8C45E7141EBA2437006E6B91 /* AppDelegate.swift in Sources */,
				8C271D3D1ED308B300803A36 /* FavouritesVC.swift in Sources */,
				8C9372EA1EC4496A00BFDBD9 /* Location.swift in Sources */,
				8C321B921EC1AB98009B9EB4 /* HourlyForecast.swift in Sources */,
				8C271D3F1ED30B1B00803A36 /* FavouritesCell.swift in Sources */,
				8CE494E11EBF18F500A26749 /* LongRangeForecastCell.swift in Sources */,
				8C13BF1F1EBCB14100C078A8 /* SlideInPresentationController.swift in Sources */,
				8C9372EE1EC4D05400BFDBD9 /* MapAnnotation.swift in Sources */,
				8C13BF171EBB784C00C078A8 /* SettingsVC.swift in Sources */,
				8CE494DD1EBDD36A00A26749 /* TopBtmBorderView.swift in Sources */,
				8C9372F21EC5EFEE00BFDBD9 /* SegueData.swift in Sources */,
				8C321B901EC1A2D9009B9EB4 /* LongRangeForecast.swift in Sources */,
				8CA74A8F1EC06D8E0082568D /* Constants.swift in Sources */,
			);
			runOnlyForDeploymentPostprocessing = 0;
		};
/* End PBXSourcesBuildPhase section */

/* Begin PBXVariantGroup section */
		8C45E7171EBA2437006E6B91 /* Main.storyboard */ = {
			isa = PBXVariantGroup;
			children = (
				8C45E7181EBA2437006E6B91 /* Base */,
			);
			name = Main.storyboard;
			sourceTree = "<group>";
		};
		8C45E71C1EBA2437006E6B91 /* LaunchScreen.storyboard */ = {
			isa = PBXVariantGroup;
			children = (
				8C45E71D1EBA2437006E6B91 /* Base */,
			);
			name = LaunchScreen.storyboard;
			sourceTree = "<group>";
		};
/* End PBXVariantGroup section */

/* Begin XCBuildConfiguration section */
		8C45E7201EBA2437006E6B91 /* Debug */ = {
			isa = XCBuildConfiguration;
			buildSettings = {
				ALWAYS_SEARCH_USER_PATHS = NO;
				CLANG_ANALYZER_NONNULL = YES;
				CLANG_CXX_LANGUAGE_STANDARD = "gnu++0x";
				CLANG_CXX_LIBRARY = "libc++";
				CLANG_ENABLE_MODULES = YES;
				CLANG_ENABLE_OBJC_ARC = YES;
				CLANG_WARN_BOOL_CONVERSION = YES;
				CLANG_WARN_CONSTANT_CONVERSION = YES;
				CLANG_WARN_DIRECT_OBJC_ISA_USAGE = YES_ERROR;
				CLANG_WARN_DOCUMENTATION_COMMENTS = YES;
				CLANG_WARN_EMPTY_BODY = YES;
				CLANG_WARN_ENUM_CONVERSION = YES;
				CLANG_WARN_INFINITE_RECURSION = YES;
				CLANG_WARN_INT_CONVERSION = YES;
				CLANG_WARN_OBJC_ROOT_CLASS = YES_ERROR;
				CLANG_WARN_SUSPICIOUS_MOVE = YES;
				CLANG_WARN_UNREACHABLE_CODE = YES;
				CLANG_WARN__DUPLICATE_METHOD_MATCH = YES;
				"CODE_SIGN_IDENTITY[sdk=iphoneos*]" = "iPhone Developer";
				COPY_PHASE_STRIP = NO;
				DEBUG_INFORMATION_FORMAT = dwarf;
				ENABLE_STRICT_OBJC_MSGSEND = YES;
				ENABLE_TESTABILITY = YES;
				GCC_C_LANGUAGE_STANDARD = gnu99;
				GCC_DYNAMIC_NO_PIC = NO;
				GCC_NO_COMMON_BLOCKS = YES;
				GCC_OPTIMIZATION_LEVEL = 0;
				GCC_PREPROCESSOR_DEFINITIONS = (
					"DEBUG=1",
					"$(inherited)",
				);
				GCC_WARN_64_TO_32_BIT_CONVERSION = YES;
				GCC_WARN_ABOUT_RETURN_TYPE = YES_ERROR;
				GCC_WARN_UNDECLARED_SELECTOR = YES;
				GCC_WARN_UNINITIALIZED_AUTOS = YES_AGGRESSIVE;
				GCC_WARN_UNUSED_FUNCTION = YES;
				GCC_WARN_UNUSED_VARIABLE = YES;
				IPHONEOS_DEPLOYMENT_TARGET = 10.2;
				MTL_ENABLE_DEBUG_INFO = YES;
				ONLY_ACTIVE_ARCH = YES;
				SDKROOT = iphoneos;
				SWIFT_ACTIVE_COMPILATION_CONDITIONS = DEBUG;
				SWIFT_OPTIMIZATION_LEVEL = "-Onone";
				TARGETED_DEVICE_FAMILY = "1,2";
			};
			name = Debug;
		};
		8C45E7211EBA2437006E6B91 /* Release */ = {
			isa = XCBuildConfiguration;
			buildSettings = {
				ALWAYS_SEARCH_USER_PATHS = NO;
				CLANG_ANALYZER_NONNULL = YES;
				CLANG_CXX_LANGUAGE_STANDARD = "gnu++0x";
				CLANG_CXX_LIBRARY = "libc++";
				CLANG_ENABLE_MODULES = YES;
				CLANG_ENABLE_OBJC_ARC = YES;
				CLANG_WARN_BOOL_CONVERSION = YES;
				CLANG_WARN_CONSTANT_CONVERSION = YES;
				CLANG_WARN_DIRECT_OBJC_ISA_USAGE = YES_ERROR;
				CLANG_WARN_DOCUMENTATION_COMMENTS = YES;
				CLANG_WARN_EMPTY_BODY = YES;
				CLANG_WARN_ENUM_CONVERSION = YES;
				CLANG_WARN_INFINITE_RECURSION = YES;
				CLANG_WARN_INT_CONVERSION = YES;
				CLANG_WARN_OBJC_ROOT_CLASS = YES_ERROR;
				CLANG_WARN_SUSPICIOUS_MOVE = YES;
				CLANG_WARN_UNREACHABLE_CODE = YES;
				CLANG_WARN__DUPLICATE_METHOD_MATCH = YES;
				"CODE_SIGN_IDENTITY[sdk=iphoneos*]" = "iPhone Developer";
				COPY_PHASE_STRIP = NO;
				DEBUG_INFORMATION_FORMAT = "dwarf-with-dsym";
				ENABLE_NS_ASSERTIONS = NO;
				ENABLE_STRICT_OBJC_MSGSEND = YES;
				GCC_C_LANGUAGE_STANDARD = gnu99;
				GCC_NO_COMMON_BLOCKS = YES;
				GCC_WARN_64_TO_32_BIT_CONVERSION = YES;
				GCC_WARN_ABOUT_RETURN_TYPE = YES_ERROR;
				GCC_WARN_UNDECLARED_SELECTOR = YES;
				GCC_WARN_UNINITIALIZED_AUTOS = YES_AGGRESSIVE;
				GCC_WARN_UNUSED_FUNCTION = YES;
				GCC_WARN_UNUSED_VARIABLE = YES;
				IPHONEOS_DEPLOYMENT_TARGET = 10.2;
				MTL_ENABLE_DEBUG_INFO = NO;
				SDKROOT = iphoneos;
				SWIFT_OPTIMIZATION_LEVEL = "-Owholemodule";
				TARGETED_DEVICE_FAMILY = "1,2";
				VALIDATE_PRODUCT = YES;
			};
			name = Release;
		};
		8C45E7231EBA2437006E6B91 /* Debug */ = {
			isa = XCBuildConfiguration;
			baseConfigurationReference = 581CA612DBF31EBF95328E38 /* Pods-WeatherMap.debug.xcconfig */;
			buildSettings = {
				ASSETCATALOG_COMPILER_APPICON_NAME = AppIcon;
				DEVELOPMENT_TEAM = WZZ5MUDVKJ;
				INFOPLIST_FILE = WeatherMap/Info.plist;
				LD_RUNPATH_SEARCH_PATHS = "$(inherited) @executable_path/Frameworks";
				PRODUCT_BUNDLE_IDENTIFIER = com.Trevorsapps.WeatherMap;
				PRODUCT_NAME = "$(TARGET_NAME)";
				SWIFT_VERSION = 3.0;
			};
			name = Debug;
		};
		8C45E7241EBA2437006E6B91 /* Release */ = {
			isa = XCBuildConfiguration;
			baseConfigurationReference = D445367F0401A27631B8CFFA /* Pods-WeatherMap.release.xcconfig */;
			buildSettings = {
				ASSETCATALOG_COMPILER_APPICON_NAME = AppIcon;
				DEVELOPMENT_TEAM = WZZ5MUDVKJ;
				INFOPLIST_FILE = WeatherMap/Info.plist;
				LD_RUNPATH_SEARCH_PATHS = "$(inherited) @executable_path/Frameworks";
				PRODUCT_BUNDLE_IDENTIFIER = com.Trevorsapps.WeatherMap;
				PRODUCT_NAME = "$(TARGET_NAME)";
				SWIFT_VERSION = 3.0;
			};
			name = Release;
		};
/* End XCBuildConfiguration section */

/* Begin XCConfigurationList section */
		8C45E70B1EBA2437006E6B91 /* Build configuration list for PBXProject "WeatherMap" */ = {
			isa = XCConfigurationList;
			buildConfigurations = (
				8C45E7201EBA2437006E6B91 /* Debug */,
				8C45E7211EBA2437006E6B91 /* Release */,
			);
			defaultConfigurationIsVisible = 0;
			defaultConfigurationName = Release;
		};
		8C45E7221EBA2437006E6B91 /* Build configuration list for PBXNativeTarget "WeatherMap" */ = {
			isa = XCConfigurationList;
			buildConfigurations = (
				8C45E7231EBA2437006E6B91 /* Debug */,
				8C45E7241EBA2437006E6B91 /* Release */,
			);
			defaultConfigurationIsVisible = 0;
			defaultConfigurationName = Release;
		};
/* End XCConfigurationList section */
	};
	rootObject = 8C45E7081EBA2437006E6B91 /* Project object */;
}
